// !$*UTF8*$!
{
	archiveVersion = 1;
	classes = {
	};
	objectVersion = 56;
	objects = {

/* Begin PBXBuildFile section */
		33191E102952B7A400972DBC /* AppDelegate.swift in Sources */ = {isa = PBXBuildFile; fileRef = 33191E0F2952B7A400972DBC /* AppDelegate.swift */; };
		33191E122952B7A400972DBC /* SceneDelegate.swift in Sources */ = {isa = PBXBuildFile; fileRef = 33191E112952B7A400972DBC /* SceneDelegate.swift */; };
		33191E142952B7A400972DBC /* ViewController.swift in Sources */ = {isa = PBXBuildFile; fileRef = 33191E132952B7A400972DBC /* ViewController.swift */; };
		33191E172952B7A400972DBC /* Main.storyboard in Resources */ = {isa = PBXBuildFile; fileRef = 33191E152952B7A400972DBC /* Main.storyboard */; };
		33191E192952B7A600972DBC /* Assets.xcassets in Resources */ = {isa = PBXBuildFile; fileRef = 33191E182952B7A600972DBC /* Assets.xcassets */; };
		33191E1C2952B7A600972DBC /* LaunchScreen.storyboard in Resources */ = {isa = PBXBuildFile; fileRef = 33191E1A2952B7A600972DBC /* LaunchScreen.storyboard */; };
		33191E242952BABA00972DBC /* GoogleService-Info.plist in Resources */ = {isa = PBXBuildFile; fileRef = 33191E232952BABA00972DBC /* GoogleService-Info.plist */; };
		33191E272952BCAD00972DBC /* FirebaseAnalytics in Frameworks */ = {isa = PBXBuildFile; productRef = 33191E262952BCAD00972DBC /* FirebaseAnalytics */; };
		33191E292952BCAD00972DBC /* FirebaseAnalyticsOnDeviceConversion in Frameworks */ = {isa = PBXBuildFile; productRef = 33191E282952BCAD00972DBC /* FirebaseAnalyticsOnDeviceConversion */; };
		33191E2B2952BCAD00972DBC /* FirebaseAnalyticsSwift in Frameworks */ = {isa = PBXBuildFile; productRef = 33191E2A2952BCAD00972DBC /* FirebaseAnalyticsSwift */; };
		33191E2D2952BCAD00972DBC /* FirebaseAnalyticsWithoutAdIdSupport in Frameworks */ = {isa = PBXBuildFile; productRef = 33191E2C2952BCAD00972DBC /* FirebaseAnalyticsWithoutAdIdSupport */; };
		33191E2F2952BCAD00972DBC /* FirebaseAppCheck in Frameworks */ = {isa = PBXBuildFile; productRef = 33191E2E2952BCAD00972DBC /* FirebaseAppCheck */; };
		33191E312952BCAD00972DBC /* FirebaseAppDistribution-Beta in Frameworks */ = {isa = PBXBuildFile; productRef = 33191E302952BCAD00972DBC /* FirebaseAppDistribution-Beta */; };
		33191E332952BCAD00972DBC /* FirebaseAuth in Frameworks */ = {isa = PBXBuildFile; productRef = 33191E322952BCAD00972DBC /* FirebaseAuth */; };
		33191E352952BCAD00972DBC /* FirebaseAuthCombine-Community in Frameworks */ = {isa = PBXBuildFile; productRef = 33191E342952BCAD00972DBC /* FirebaseAuthCombine-Community */; };
		33191E372952BCAD00972DBC /* FirebaseCrashlytics in Frameworks */ = {isa = PBXBuildFile; productRef = 33191E362952BCAD00972DBC /* FirebaseCrashlytics */; };
		33191E392952BCAD00972DBC /* FirebaseDatabase in Frameworks */ = {isa = PBXBuildFile; productRef = 33191E382952BCAD00972DBC /* FirebaseDatabase */; };
		33191E3B2952BCAD00972DBC /* FirebaseDatabaseSwift in Frameworks */ = {isa = PBXBuildFile; productRef = 33191E3A2952BCAD00972DBC /* FirebaseDatabaseSwift */; };
		33191E3D2952BCAD00972DBC /* FirebaseDynamicLinks in Frameworks */ = {isa = PBXBuildFile; productRef = 33191E3C2952BCAD00972DBC /* FirebaseDynamicLinks */; };
		33191E3F2952BCAD00972DBC /* FirebaseFirestore in Frameworks */ = {isa = PBXBuildFile; productRef = 33191E3E2952BCAD00972DBC /* FirebaseFirestore */; };
		33191E412952BCAD00972DBC /* FirebaseFirestoreCombine-Community in Frameworks */ = {isa = PBXBuildFile; productRef = 33191E402952BCAD00972DBC /* FirebaseFirestoreCombine-Community */; };
		33191E432952BCAD00972DBC /* FirebaseFirestoreSwift in Frameworks */ = {isa = PBXBuildFile; productRef = 33191E422952BCAD00972DBC /* FirebaseFirestoreSwift */; };
		33191E452952BCAD00972DBC /* FirebaseFunctions in Frameworks */ = {isa = PBXBuildFile; productRef = 33191E442952BCAD00972DBC /* FirebaseFunctions */; };
		33191E472952BCAD00972DBC /* FirebaseFunctionsCombine-Community in Frameworks */ = {isa = PBXBuildFile; productRef = 33191E462952BCAD00972DBC /* FirebaseFunctionsCombine-Community */; };
		33191E492952BCAD00972DBC /* FirebaseInAppMessaging-Beta in Frameworks */ = {isa = PBXBuildFile; productRef = 33191E482952BCAD00972DBC /* FirebaseInAppMessaging-Beta */; };
		33191E4B2952BCAD00972DBC /* FirebaseInAppMessagingSwift-Beta in Frameworks */ = {isa = PBXBuildFile; productRef = 33191E4A2952BCAD00972DBC /* FirebaseInAppMessagingSwift-Beta */; };
		33191E4D2952BCAD00972DBC /* FirebaseInstallations in Frameworks */ = {isa = PBXBuildFile; productRef = 33191E4C2952BCAD00972DBC /* FirebaseInstallations */; };
		33191E4F2952BCAD00972DBC /* FirebaseMLModelDownloader in Frameworks */ = {isa = PBXBuildFile; productRef = 33191E4E2952BCAD00972DBC /* FirebaseMLModelDownloader */; };
		33191E512952BCAD00972DBC /* FirebaseMessaging in Frameworks */ = {isa = PBXBuildFile; productRef = 33191E502952BCAD00972DBC /* FirebaseMessaging */; };
		33191E532952BCAD00972DBC /* FirebasePerformance in Frameworks */ = {isa = PBXBuildFile; productRef = 33191E522952BCAD00972DBC /* FirebasePerformance */; };
		33191E552952BCAD00972DBC /* FirebaseRemoteConfig in Frameworks */ = {isa = PBXBuildFile; productRef = 33191E542952BCAD00972DBC /* FirebaseRemoteConfig */; };
		33191E572952BCAD00972DBC /* FirebaseRemoteConfigSwift in Frameworks */ = {isa = PBXBuildFile; productRef = 33191E562952BCAD00972DBC /* FirebaseRemoteConfigSwift */; };
		33191E592952BCAD00972DBC /* FirebaseStorage in Frameworks */ = {isa = PBXBuildFile; productRef = 33191E582952BCAD00972DBC /* FirebaseStorage */; };
		33191E5B2952BCAD00972DBC /* FirebaseStorageCombine-Community in Frameworks */ = {isa = PBXBuildFile; productRef = 33191E5A2952BCAD00972DBC /* FirebaseStorageCombine-Community */; };
/* End PBXBuildFile section */

/* Begin PBXFileReference section */
		33191E0C2952B7A400972DBC /* InstaCloneFirebase.app */ = {isa = PBXFileReference; explicitFileType = wrapper.application; includeInIndex = 0; path = InstaCloneFirebase.app; sourceTree = BUILT_PRODUCTS_DIR; };
		33191E0F2952B7A400972DBC /* AppDelegate.swift */ = {isa = PBXFileReference; lastKnownFileType = sourcecode.swift; path = AppDelegate.swift; sourceTree = "<group>"; };
		33191E112952B7A400972DBC /* SceneDelegate.swift */ = {isa = PBXFileReference; lastKnownFileType = sourcecode.swift; path = SceneDelegate.swift; sourceTree = "<group>"; };
		33191E132952B7A400972DBC /* ViewController.swift */ = {isa = PBXFileReference; lastKnownFileType = sourcecode.swift; path = ViewController.swift; sourceTree = "<group>"; };
		33191E162952B7A400972DBC /* Base */ = {isa = PBXFileReference; lastKnownFileType = file.storyboard; name = Base; path = Base.lproj/Main.storyboard; sourceTree = "<group>"; };
		33191E182952B7A600972DBC /* Assets.xcassets */ = {isa = PBXFileReference; lastKnownFileType = folder.assetcatalog; path = Assets.xcassets; sourceTree = "<group>"; };
		33191E1B2952B7A600972DBC /* Base */ = {isa = PBXFileReference; lastKnownFileType = file.storyboard; name = Base; path = Base.lproj/LaunchScreen.storyboard; sourceTree = "<group>"; };
		33191E1D2952B7A600972DBC /* Info.plist */ = {isa = PBXFileReference; lastKnownFileType = text.plist.xml; path = Info.plist; sourceTree = "<group>"; };
		33191E232952BABA00972DBC /* GoogleService-Info.plist */ = {isa = PBXFileReference; fileEncoding = 4; lastKnownFileType = text.plist.xml; path = "GoogleService-Info.plist"; sourceTree = "<group>"; };
/* End PBXFileReference section */

/* Begin PBXFrameworksBuildPhase section */
		33191E092952B7A400972DBC /* Frameworks */ = {
			isa = PBXFrameworksBuildPhase;
			buildActionMask = 2147483647;
			files = (
				33191E392952BCAD00972DBC /* FirebaseDatabase in Frameworks */,
				33191E472952BCAD00972DBC /* FirebaseFunctionsCombine-Community in Frameworks */,
				33191E3F2952BCAD00972DBC /* FirebaseFirestore in Frameworks */,
				33191E2B2952BCAD00972DBC /* FirebaseAnalyticsSwift in Frameworks */,
				33191E272952BCAD00972DBC /* FirebaseAnalytics in Frameworks */,
				33191E292952BCAD00972DBC /* FirebaseAnalyticsOnDeviceConversion in Frameworks */,
				33191E4F2952BCAD00972DBC /* FirebaseMLModelDownloader in Frameworks */,
				33191E432952BCAD00972DBC /* FirebaseFirestoreSwift in Frameworks */,
				33191E2F2952BCAD00972DBC /* FirebaseAppCheck in Frameworks */,
				33191E2D2952BCAD00972DBC /* FirebaseAnalyticsWithoutAdIdSupport in Frameworks */,
				33191E332952BCAD00972DBC /* FirebaseAuth in Frameworks */,
				33191E372952BCAD00972DBC /* FirebaseCrashlytics in Frameworks */,
				33191E572952BCAD00972DBC /* FirebaseRemoteConfigSwift in Frameworks */,
				33191E492952BCAD00972DBC /* FirebaseInAppMessaging-Beta in Frameworks */,
				33191E3B2952BCAD00972DBC /* FirebaseDatabaseSwift in Frameworks */,
				33191E452952BCAD00972DBC /* FirebaseFunctions in Frameworks */,
				33191E5B2952BCAD00972DBC /* FirebaseStorageCombine-Community in Frameworks */,
				33191E552952BCAD00972DBC /* FirebaseRemoteConfig in Frameworks */,
				33191E312952BCAD00972DBC /* FirebaseAppDistribution-Beta in Frameworks */,
				33191E352952BCAD00972DBC /* FirebaseAuthCombine-Community in Frameworks */,
				33191E532952BCAD00972DBC /* FirebasePerformance in Frameworks */,
				33191E4B2952BCAD00972DBC /* FirebaseInAppMessagingSwift-Beta in Frameworks */,
				33191E592952BCAD00972DBC /* FirebaseStorage in Frameworks */,
				33191E3D2952BCAD00972DBC /* FirebaseDynamicLinks in Frameworks */,
				33191E412952BCAD00972DBC /* FirebaseFirestoreCombine-Community in Frameworks */,
				33191E512952BCAD00972DBC /* FirebaseMessaging in Frameworks */,
				33191E4D2952BCAD00972DBC /* FirebaseInstallations in Frameworks */,
			);
			runOnlyForDeploymentPostprocessing = 0;
		};
/* End PBXFrameworksBuildPhase section */

/* Begin PBXGroup section */
		33191E032952B7A400972DBC = {
			isa = PBXGroup;
			children = (
				33191E0E2952B7A400972DBC /* InstaCloneFirebase */,
				33191E0D2952B7A400972DBC /* Products */,
			);
			sourceTree = "<group>";
		};
		33191E0D2952B7A400972DBC /* Products */ = {
			isa = PBXGroup;
			children = (
				33191E0C2952B7A400972DBC /* InstaCloneFirebase.app */,
			);
			name = Products;
			sourceTree = "<group>";
		};
		33191E0E2952B7A400972DBC /* InstaCloneFirebase */ = {
			isa = PBXGroup;
			children = (
				33191E0F2952B7A400972DBC /* AppDelegate.swift */,
				33191E112952B7A400972DBC /* SceneDelegate.swift */,
				33191E132952B7A400972DBC /* ViewController.swift */,
				33191E152952B7A400972DBC /* Main.storyboard */,
				33191E182952B7A600972DBC /* Assets.xcassets */,
				33191E1A2952B7A600972DBC /* LaunchScreen.storyboard */,
				33191E1D2952B7A600972DBC /* Info.plist */,
				33191E232952BABA00972DBC /* GoogleService-Info.plist */,
			);
			path = InstaCloneFirebase;
			sourceTree = "<group>";
		};
/* End PBXGroup section */

/* Begin PBXNativeTarget section */
		33191E0B2952B7A400972DBC /* InstaCloneFirebase */ = {
			isa = PBXNativeTarget;
			buildConfigurationList = 33191E202952B7A600972DBC /* Build configuration list for PBXNativeTarget "InstaCloneFirebase" */;
			buildPhases = (
				33191E082952B7A400972DBC /* Sources */,
				33191E092952B7A400972DBC /* Frameworks */,
				33191E0A2952B7A400972DBC /* Resources */,
			);
			buildRules = (
			);
			dependencies = (
			);
			name = InstaCloneFirebase;
			packageProductDependencies = (
				33191E262952BCAD00972DBC /* FirebaseAnalytics */,
				33191E282952BCAD00972DBC /* FirebaseAnalyticsOnDeviceConversion */,
				33191E2A2952BCAD00972DBC /* FirebaseAnalyticsSwift */,
				33191E2C2952BCAD00972DBC /* FirebaseAnalyticsWithoutAdIdSupport */,
				33191E2E2952BCAD00972DBC /* FirebaseAppCheck */,
				33191E302952BCAD00972DBC /* FirebaseAppDistribution-Beta */,
				33191E322952BCAD00972DBC /* FirebaseAuth */,
				33191E342952BCAD00972DBC /* FirebaseAuthCombine-Community */,
				33191E362952BCAD00972DBC /* FirebaseCrashlytics */,
				33191E382952BCAD00972DBC /* FirebaseDatabase */,
				33191E3A2952BCAD00972DBC /* FirebaseDatabaseSwift */,
				33191E3C2952BCAD00972DBC /* FirebaseDynamicLinks */,
				33191E3E2952BCAD00972DBC /* FirebaseFirestore */,
				33191E402952BCAD00972DBC /* FirebaseFirestoreCombine-Community */,
				33191E422952BCAD00972DBC /* FirebaseFirestoreSwift */,
				33191E442952BCAD00972DBC /* FirebaseFunctions */,
				33191E462952BCAD00972DBC /* FirebaseFunctionsCombine-Community */,
				33191E482952BCAD00972DBC /* FirebaseInAppMessaging-Beta */,
				33191E4A2952BCAD00972DBC /* FirebaseInAppMessagingSwift-Beta */,
				33191E4C2952BCAD00972DBC /* FirebaseInstallations */,
				33191E4E2952BCAD00972DBC /* FirebaseMLModelDownloader */,
				33191E502952BCAD00972DBC /* FirebaseMessaging */,
				33191E522952BCAD00972DBC /* FirebasePerformance */,
				33191E542952BCAD00972DBC /* FirebaseRemoteConfig */,
				33191E562952BCAD00972DBC /* FirebaseRemoteConfigSwift */,
				33191E582952BCAD00972DBC /* FirebaseStorage */,
				33191E5A2952BCAD00972DBC /* FirebaseStorageCombine-Community */,
			);
			productName = InstaCloneFirebase;
			productReference = 33191E0C2952B7A400972DBC /* InstaCloneFirebase.app */;
			productType = "com.apple.product-type.application";
		};
/* End PBXNativeTarget section */

/* Begin PBXProject section */
		33191E042952B7A400972DBC /* Project object */ = {
			isa = PBXProject;
			attributes = {
				BuildIndependentTargetsInParallel = 1;
				LastSwiftUpdateCheck = 1420;
				LastUpgradeCheck = 1420;
				TargetAttributes = {
					33191E0B2952B7A400972DBC = {
						CreatedOnToolsVersion = 14.2;
					};
				};
			};
			buildConfigurationList = 33191E072952B7A400972DBC /* Build configuration list for PBXProject "InstaCloneFirebase" */;
			compatibilityVersion = "Xcode 14.0";
			developmentRegion = en;
			hasScannedForEncodings = 0;
			knownRegions = (
				en,
				Base,
			);
			mainGroup = 33191E032952B7A400972DBC;
			packageReferences = (
				33191E252952BCAD00972DBC /* XCRemoteSwiftPackageReference "firebase-ios-sdk" */,
			);
			productRefGroup = 33191E0D2952B7A400972DBC /* Products */;
			projectDirPath = "";
			projectRoot = "";
			targets = (
				33191E0B2952B7A400972DBC /* InstaCloneFirebase */,
			);
		};
/* End PBXProject section */

/* Begin PBXResourcesBuildPhase section */
		33191E0A2952B7A400972DBC /* Resources */ = {
			isa = PBXResourcesBuildPhase;
			buildActionMask = 2147483647;
			files = (
				33191E1C2952B7A600972DBC /* LaunchScreen.storyboard in Resources */,
				33191E242952BABA00972DBC /* GoogleService-Info.plist in Resources */,
				33191E192952B7A600972DBC /* Assets.xcassets in Resources */,
				33191E172952B7A400972DBC /* Main.storyboard in Resources */,
			);
			runOnlyForDeploymentPostprocessing = 0;
		};
/* End PBXResourcesBuildPhase section */

/* Begin PBXSourcesBuildPhase section */
		33191E082952B7A400972DBC /* Sources */ = {
			isa = PBXSourcesBuildPhase;
			buildActionMask = 2147483647;
			files = (
				33191E142952B7A400972DBC /* ViewController.swift in Sources */,
				33191E102952B7A400972DBC /* AppDelegate.swift in Sources */,
				33191E122952B7A400972DBC /* SceneDelegate.swift in Sources */,
			);
			runOnlyForDeploymentPostprocessing = 0;
		};
/* End PBXSourcesBuildPhase section */

/* Begin PBXVariantGroup section */
		33191E152952B7A400972DBC /* Main.storyboard */ = {
			isa = PBXVariantGroup;
			children = (
				33191E162952B7A400972DBC /* Base */,
			);
			name = Main.storyboard;
			sourceTree = "<group>";
		};
		33191E1A2952B7A600972DBC /* LaunchScreen.storyboard */ = {
			isa = PBXVariantGroup;
			children = (
				33191E1B2952B7A600972DBC /* Base */,
			);
			name = LaunchScreen.storyboard;
			sourceTree = "<group>";
		};
/* End PBXVariantGroup section */

/* Begin XCBuildConfiguration section */
		33191E1E2952B7A600972DBC /* Debug */ = {
			isa = XCBuildConfiguration;
			buildSettings = {
				ALWAYS_SEARCH_USER_PATHS = NO;
				CLANG_ANALYZER_NONNULL = YES;
				CLANG_ANALYZER_NUMBER_OBJECT_CONVERSION = YES_AGGRESSIVE;
				CLANG_CXX_LANGUAGE_STANDARD = "gnu++20";
				CLANG_ENABLE_MODULES = YES;
				CLANG_ENABLE_OBJC_ARC = YES;
				CLANG_ENABLE_OBJC_WEAK = YES;
				CLANG_WARN_BLOCK_CAPTURE_AUTORELEASING = YES;
				CLANG_WARN_BOOL_CONVERSION = YES;
				CLANG_WARN_COMMA = YES;
				CLANG_WARN_CONSTANT_CONVERSION = YES;
				CLANG_WARN_DEPRECATED_OBJC_IMPLEMENTATIONS = YES;
				CLANG_WARN_DIRECT_OBJC_ISA_USAGE = YES_ERROR;
				CLANG_WARN_DOCUMENTATION_COMMENTS = YES;
				CLANG_WARN_EMPTY_BODY = YES;
				CLANG_WARN_ENUM_CONVERSION = YES;
				CLANG_WARN_INFINITE_RECURSION = YES;
				CLANG_WARN_INT_CONVERSION = YES;
				CLANG_WARN_NON_LITERAL_NULL_CONVERSION = YES;
				CLANG_WARN_OBJC_IMPLICIT_RETAIN_SELF = YES;
				CLANG_WARN_OBJC_LITERAL_CONVERSION = YES;
				CLANG_WARN_OBJC_ROOT_CLASS = YES_ERROR;
				CLANG_WARN_QUOTED_INCLUDE_IN_FRAMEWORK_HEADER = YES;
				CLANG_WARN_RANGE_LOOP_ANALYSIS = YES;
				CLANG_WARN_STRICT_PROTOTYPES = YES;
				CLANG_WARN_SUSPICIOUS_MOVE = YES;
				CLANG_WARN_UNGUARDED_AVAILABILITY = YES_AGGRESSIVE;
				CLANG_WARN_UNREACHABLE_CODE = YES;
				CLANG_WARN__DUPLICATE_METHOD_MATCH = YES;
				COPY_PHASE_STRIP = NO;
				DEBUG_INFORMATION_FORMAT = dwarf;
				ENABLE_STRICT_OBJC_MSGSEND = YES;
				ENABLE_TESTABILITY = YES;
				GCC_C_LANGUAGE_STANDARD = gnu11;
				GCC_DYNAMIC_NO_PIC = NO;
				GCC_NO_COMMON_BLOCKS = YES;
				GCC_OPTIMIZATION_LEVEL = 0;
				GCC_PREPROCESSOR_DEFINITIONS = (
					"DEBUG=1",
					"$(inherited)",
				);
				GCC_WARN_64_TO_32_BIT_CONVERSION = YES;
				GCC_WARN_ABOUT_RETURN_TYPE = YES_ERROR;
				GCC_WARN_UNDECLARED_SELECTOR = YES;
				GCC_WARN_UNINITIALIZED_AUTOS = YES_AGGRESSIVE;
				GCC_WARN_UNUSED_FUNCTION = YES;
				GCC_WARN_UNUSED_VARIABLE = YES;
				IPHONEOS_DEPLOYMENT_TARGET = 16.2;
				MTL_ENABLE_DEBUG_INFO = INCLUDE_SOURCE;
				MTL_FAST_MATH = YES;
				ONLY_ACTIVE_ARCH = YES;
				SDKROOT = iphoneos;
				SWIFT_ACTIVE_COMPILATION_CONDITIONS = DEBUG;
				SWIFT_OPTIMIZATION_LEVEL = "-Onone";
			};
			name = Debug;
		};
		33191E1F2952B7A600972DBC /* Release */ = {
			isa = XCBuildConfiguration;
			buildSettings = {
				ALWAYS_SEARCH_USER_PATHS = NO;
				CLANG_ANALYZER_NONNULL = YES;
				CLANG_ANALYZER_NUMBER_OBJECT_CONVERSION = YES_AGGRESSIVE;
				CLANG_CXX_LANGUAGE_STANDARD = "gnu++20";
				CLANG_ENABLE_MODULES = YES;
				CLANG_ENABLE_OBJC_ARC = YES;
				CLANG_ENABLE_OBJC_WEAK = YES;
				CLANG_WARN_BLOCK_CAPTURE_AUTORELEASING = YES;
				CLANG_WARN_BOOL_CONVERSION = YES;
				CLANG_WARN_COMMA = YES;
				CLANG_WARN_CONSTANT_CONVERSION = YES;
				CLANG_WARN_DEPRECATED_OBJC_IMPLEMENTATIONS = YES;
				CLANG_WARN_DIRECT_OBJC_ISA_USAGE = YES_ERROR;
				CLANG_WARN_DOCUMENTATION_COMMENTS = YES;
				CLANG_WARN_EMPTY_BODY = YES;
				CLANG_WARN_ENUM_CONVERSION = YES;
				CLANG_WARN_INFINITE_RECURSION = YES;
				CLANG_WARN_INT_CONVERSION = YES;
				CLANG_WARN_NON_LITERAL_NULL_CONVERSION = YES;
				CLANG_WARN_OBJC_IMPLICIT_RETAIN_SELF = YES;
				CLANG_WARN_OBJC_LITERAL_CONVERSION = YES;
				CLANG_WARN_OBJC_ROOT_CLASS = YES_ERROR;
				CLANG_WARN_QUOTED_INCLUDE_IN_FRAMEWORK_HEADER = YES;
				CLANG_WARN_RANGE_LOOP_ANALYSIS = YES;
				CLANG_WARN_STRICT_PROTOTYPES = YES;
				CLANG_WARN_SUSPICIOUS_MOVE = YES;
				CLANG_WARN_UNGUARDED_AVAILABILITY = YES_AGGRESSIVE;
				CLANG_WARN_UNREACHABLE_CODE = YES;
				CLANG_WARN__DUPLICATE_METHOD_MATCH = YES;
				COPY_PHASE_STRIP = NO;
				DEBUG_INFORMATION_FORMAT = "dwarf-with-dsym";
				ENABLE_NS_ASSERTIONS = NO;
				ENABLE_STRICT_OBJC_MSGSEND = YES;
				GCC_C_LANGUAGE_STANDARD = gnu11;
				GCC_NO_COMMON_BLOCKS = YES;
				GCC_WARN_64_TO_32_BIT_CONVERSION = YES;
				GCC_WARN_ABOUT_RETURN_TYPE = YES_ERROR;
				GCC_WARN_UNDECLARED_SELECTOR = YES;
				GCC_WARN_UNINITIALIZED_AUTOS = YES_AGGRESSIVE;
				GCC_WARN_UNUSED_FUNCTION = YES;
				GCC_WARN_UNUSED_VARIABLE = YES;
				IPHONEOS_DEPLOYMENT_TARGET = 16.2;
				MTL_ENABLE_DEBUG_INFO = NO;
				MTL_FAST_MATH = YES;
				SDKROOT = iphoneos;
				SWIFT_COMPILATION_MODE = wholemodule;
				SWIFT_OPTIMIZATION_LEVEL = "-O";
				VALIDATE_PRODUCT = YES;
			};
			name = Release;
		};
		33191E212952B7A600972DBC /* Debug */ = {
			isa = XCBuildConfiguration;
			buildSettings = {
				ASSETCATALOG_COMPILER_APPICON_NAME = AppIcon;
				ASSETCATALOG_COMPILER_GLOBAL_ACCENT_COLOR_NAME = AccentColor;
				CODE_SIGN_STYLE = Automatic;
				CURRENT_PROJECT_VERSION = 1;
				DEVELOPMENT_TEAM = FRD38AYZF6;
				GENERATE_INFOPLIST_FILE = YES;
				INFOPLIST_FILE = InstaCloneFirebase/Info.plist;
				INFOPLIST_KEY_UIApplicationSupportsIndirectInputEvents = YES;
				INFOPLIST_KEY_UILaunchStoryboardName = LaunchScreen;
				INFOPLIST_KEY_UIMainStoryboardFile = Main;
				INFOPLIST_KEY_UISupportedInterfaceOrientations_iPad = "UIInterfaceOrientationPortrait UIInterfaceOrientationPortraitUpsideDown UIInterfaceOrientationLandscapeLeft UIInterfaceOrientationLandscapeRight";
				INFOPLIST_KEY_UISupportedInterfaceOrientations_iPhone = "UIInterfaceOrientationPortrait UIInterfaceOrientationLandscapeLeft UIInterfaceOrientationLandscapeRight";
				LD_RUNPATH_SEARCH_PATHS = (
					"$(inherited)",
					"@executable_path/Frameworks",
				);
				MARKETING_VERSION = 1.0;
				PRODUCT_BUNDLE_IDENTIFIER = "Yuliya-Grygoryeva.InstaCloneFirebase";
				PRODUCT_NAME = "$(TARGET_NAME)";
				SWIFT_EMIT_LOC_STRINGS = YES;
				SWIFT_VERSION = 5.0;
				TARGETED_DEVICE_FAMILY = "1,2";
			};
			name = Debug;
		};
		33191E222952B7A600972DBC /* Release */ = {
			isa = XCBuildConfiguration;
			buildSettings = {
				ASSETCATALOG_COMPILER_APPICON_NAME = AppIcon;
				ASSETCATALOG_COMPILER_GLOBAL_ACCENT_COLOR_NAME = AccentColor;
				CODE_SIGN_STYLE = Automatic;
				CURRENT_PROJECT_VERSION = 1;
				DEVELOPMENT_TEAM = FRD38AYZF6;
				GENERATE_INFOPLIST_FILE = YES;
				INFOPLIST_FILE = InstaCloneFirebase/Info.plist;
				INFOPLIST_KEY_UIApplicationSupportsIndirectInputEvents = YES;
				INFOPLIST_KEY_UILaunchStoryboardName = LaunchScreen;
				INFOPLIST_KEY_UIMainStoryboardFile = Main;
				INFOPLIST_KEY_UISupportedInterfaceOrientations_iPad = "UIInterfaceOrientationPortrait UIInterfaceOrientationPortraitUpsideDown UIInterfaceOrientationLandscapeLeft UIInterfaceOrientationLandscapeRight";
				INFOPLIST_KEY_UISupportedInterfaceOrientations_iPhone = "UIInterfaceOrientationPortrait UIInterfaceOrientationLandscapeLeft UIInterfaceOrientationLandscapeRight";
				LD_RUNPATH_SEARCH_PATHS = (
					"$(inherited)",
					"@executable_path/Frameworks",
				);
				MARKETING_VERSION = 1.0;
				PRODUCT_BUNDLE_IDENTIFIER = "Yuliya-Grygoryeva.InstaCloneFirebase";
				PRODUCT_NAME = "$(TARGET_NAME)";
				SWIFT_EMIT_LOC_STRINGS = YES;
				SWIFT_VERSION = 5.0;
				TARGETED_DEVICE_FAMILY = "1,2";
			};
			name = Release;
		};
/* End XCBuildConfiguration section */

/* Begin XCConfigurationList section */
		33191E072952B7A400972DBC /* Build configuration list for PBXProject "InstaCloneFirebase" */ = {
			isa = XCConfigurationList;
			buildConfigurations = (
				33191E1E2952B7A600972DBC /* Debug */,
				33191E1F2952B7A600972DBC /* Release */,
			);
			defaultConfigurationIsVisible = 0;
			defaultConfigurationName = Release;
		};
		33191E202952B7A600972DBC /* Build configuration list for PBXNativeTarget "InstaCloneFirebase" */ = {
			isa = XCConfigurationList;
			buildConfigurations = (
				33191E212952B7A600972DBC /* Debug */,
				33191E222952B7A600972DBC /* Release */,
			);
			defaultConfigurationIsVisible = 0;
			defaultConfigurationName = Release;
		};
/* End XCConfigurationList section */

/* Begin XCRemoteSwiftPackageReference section */
		33191E252952BCAD00972DBC /* XCRemoteSwiftPackageReference "firebase-ios-sdk" */ = {
			isa = XCRemoteSwiftPackageReference;
			repositoryURL = "https://github.com/firebase/firebase-ios-sdk";
			requirement = {
				kind = upToNextMajorVersion;
				minimumVersion = 9.0.0;
			};
		};
/* End XCRemoteSwiftPackageReference section */

/* Begin XCSwiftPackageProductDependency section */
		33191E262952BCAD00972DBC /* FirebaseAnalytics */ = {
			isa = XCSwiftPackageProductDependency;
			package = 33191E252952BCAD00972DBC /* XCRemoteSwiftPackageReference "firebase-ios-sdk" */;
			productName = FirebaseAnalytics;
		};
		33191E282952BCAD00972DBC /* FirebaseAnalyticsOnDeviceConversion */ = {
			isa = XCSwiftPackageProductDependency;
			package = 33191E252952BCAD00972DBC /* XCRemoteSwiftPackageReference "firebase-ios-sdk" */;
			productName = FirebaseAnalyticsOnDeviceConversion;
		};
		33191E2A2952BCAD00972DBC /* FirebaseAnalyticsSwift */ = {
			isa = XCSwiftPackageProductDependency;
			package = 33191E252952BCAD00972DBC /* XCRemoteSwiftPackageReference "firebase-ios-sdk" */;
			productName = FirebaseAnalyticsSwift;
		};
		33191E2C2952BCAD00972DBC /* FirebaseAnalyticsWithoutAdIdSupport */ = {
			isa = XCSwiftPackageProductDependency;
			package = 33191E252952BCAD00972DBC /* XCRemoteSwiftPackageReference "firebase-ios-sdk" */;
			productName = FirebaseAnalyticsWithoutAdIdSupport;
		};
		33191E2E2952BCAD00972DBC /* FirebaseAppCheck */ = {
			isa = XCSwiftPackageProductDependency;
			package = 33191E252952BCAD00972DBC /* XCRemoteSwiftPackageReference "firebase-ios-sdk" */;
			productName = FirebaseAppCheck;
		};
		33191E302952BCAD00972DBC /* FirebaseAppDistribution-Beta */ = {
			isa = XCSwiftPackageProductDependency;
			package = 33191E252952BCAD00972DBC /* XCRemoteSwiftPackageReference "firebase-ios-sdk" */;
			productName = "FirebaseAppDistribution-Beta";
		};
		33191E322952BCAD00972DBC /* FirebaseAuth */ = {
			isa = XCSwiftPackageProductDependency;
			package = 33191E252952BCAD00972DBC /* XCRemoteSwiftPackageReference "firebase-ios-sdk" */;
			productName = FirebaseAuth;
		};
		33191E342952BCAD00972DBC /* FirebaseAuthCombine-Community */ = {
			isa = XCSwiftPackageProductDependency;
			package = 33191E252952BCAD00972DBC /* XCRemoteSwiftPackageReference "firebase-ios-sdk" */;
			productName = "FirebaseAuthCombine-Community";
		};
		33191E362952BCAD00972DBC /* FirebaseCrashlytics */ = {
			isa = XCSwiftPackageProductDependency;
			package = 33191E252952BCAD00972DBC /* XCRemoteSwiftPackageReference "firebase-ios-sdk" */;
			productName = FirebaseCrashlytics;
		};
		33191E382952BCAD00972DBC /* FirebaseDatabase */ = {
			isa = XCSwiftPackageProductDependency;
			package = 33191E252952BCAD00972DBC /* XCRemoteSwiftPackageReference "firebase-ios-sdk" */;
			productName = FirebaseDatabase;
		};
		33191E3A2952BCAD00972DBC /* FirebaseDatabaseSwift */ = {
			isa = XCSwiftPackageProductDependency;
			package = 33191E252952BCAD00972DBC /* XCRemoteSwiftPackageReference "firebase-ios-sdk" */;
			productName = FirebaseDatabaseSwift;
		};
		33191E3C2952BCAD00972DBC /* FirebaseDynamicLinks */ = {
			isa = XCSwiftPackageProductDependency;
			package = 33191E252952BCAD00972DBC /* XCRemoteSwiftPackageReference "firebase-ios-sdk" */;
			productName = FirebaseDynamicLinks;
		};
		33191E3E2952BCAD00972DBC /* FirebaseFirestore */ = {
			isa = XCSwiftPackageProductDependency;
			package = 33191E252952BCAD00972DBC /* XCRemoteSwiftPackageReference "firebase-ios-sdk" */;
			productName = FirebaseFirestore;
		};
		33191E402952BCAD00972DBC /* FirebaseFirestoreCombine-Community */ = {
			isa = XCSwiftPackageProductDependency;
			package = 33191E252952BCAD00972DBC /* XCRemoteSwiftPackageReference "firebase-ios-sdk" */;
			productName = "FirebaseFirestoreCombine-Community";
		};
		33191E422952BCAD00972DBC /* FirebaseFirestoreSwift */ = {
			isa = XCSwiftPackageProductDependency;
			package = 33191E252952BCAD00972DBC /* XCRemoteSwiftPackageReference "firebase-ios-sdk" */;
			productName = FirebaseFirestoreSwift;
		};
		33191E442952BCAD00972DBC /* FirebaseFunctions */ = {
			isa = XCSwiftPackageProductDependency;
			package = 33191E252952BCAD00972DBC /* XCRemoteSwiftPackageReference "firebase-ios-sdk" */;
			productName = FirebaseFunctions;
		};
		33191E462952BCAD00972DBC /* FirebaseFunctionsCombine-Community */ = {
			isa = XCSwiftPackageProductDependency;
			package = 33191E252952BCAD00972DBC /* XCRemoteSwiftPackageReference "firebase-ios-sdk" */;
			productName = "FirebaseFunctionsCombine-Community";
		};
		33191E482952BCAD00972DBC /* FirebaseInAppMessaging-Beta */ = {
			isa = XCSwiftPackageProductDependency;
			package = 33191E252952BCAD00972DBC /* XCRemoteSwiftPackageReference "firebase-ios-sdk" */;
			productName = "FirebaseInAppMessaging-Beta";
		};
		33191E4A2952BCAD00972DBC /* FirebaseInAppMessagingSwift-Beta */ = {
			isa = XCSwiftPackageProductDependency;
			package = 33191E252952BCAD00972DBC /* XCRemoteSwiftPackageReference "firebase-ios-sdk" */;
			productName = "FirebaseInAppMessagingSwift-Beta";
		};
		33191E4C2952BCAD00972DBC /* FirebaseInstallations */ = {
			isa = XCSwiftPackageProductDependency;
			package = 33191E252952BCAD00972DBC /* XCRemoteSwiftPackageReference "firebase-ios-sdk" */;
			productName = FirebaseInstallations;
		};
		33191E4E2952BCAD00972DBC /* FirebaseMLModelDownloader */ = {
			isa = XCSwiftPackageProductDependency;
			package = 33191E252952BCAD00972DBC /* XCRemoteSwiftPackageReference "firebase-ios-sdk" */;
			productName = FirebaseMLModelDownloader;
		};
		33191E502952BCAD00972DBC /* FirebaseMessaging */ = {
			isa = XCSwiftPackageProductDependency;
			package = 33191E252952BCAD00972DBC /* XCRemoteSwiftPackageReference "firebase-ios-sdk" */;
			productName = FirebaseMessaging;
		};
		33191E522952BCAD00972DBC /* FirebasePerformance */ = {
			isa = XCSwiftPackageProductDependency;
			package = 33191E252952BCAD00972DBC /* XCRemoteSwiftPackageReference "firebase-ios-sdk" */;
			productName = FirebasePerformance;
		};
		33191E542952BCAD00972DBC /* FirebaseRemoteConfig */ = {
			isa = XCSwiftPackageProductDependency;
			package = 33191E252952BCAD00972DBC /* XCRemoteSwiftPackageReference "firebase-ios-sdk" */;
			productName = FirebaseRemoteConfig;
		};
		33191E562952BCAD00972DBC /* FirebaseRemoteConfigSwift */ = {
			isa = XCSwiftPackageProductDependency;
			package = 33191E252952BCAD00972DBC /* XCRemoteSwiftPackageReference "firebase-ios-sdk" */;
			productName = FirebaseRemoteConfigSwift;
		};
		33191E582952BCAD00972DBC /* FirebaseStorage */ = {
			isa = XCSwiftPackageProductDependency;
			package = 33191E252952BCAD00972DBC /* XCRemoteSwiftPackageReference "firebase-ios-sdk" */;
			productName = FirebaseStorage;
		};
		33191E5A2952BCAD00972DBC /* FirebaseStorageCombine-Community */ = {
			isa = XCSwiftPackageProductDependency;
			package = 33191E252952BCAD00972DBC /* XCRemoteSwiftPackageReference "firebase-ios-sdk" */;
			productName = "FirebaseStorageCombine-Community";
		};
/* End XCSwiftPackageProductDependency section */
	};
	rootObject = 33191E042952B7A400972DBC /* Project object */;
}
